
Microsoft Visual Studio Solution File, Format Version 12.00
# Visual Studio Version 17
VisualStudioVersion = 17.14.37111.16 d17.14
MinimumVisualStudioVersion = 10.0.40219.1
Project("{2150E333-8FDC-42A3-9474-1A3956D46DE8}") = "src", "src", "{02EA681E-C7D8-13C7-8484-4AC65E1B71E8}"
EndProject
Project("{2150E333-8FDC-42A3-9474-1A3956D46DE8}") = "tests", "tests", "{FB31C3C1-FA8A-4E8D-988E-F08976B81F4C}"
EndProject
Project("{2150E333-8FDC-42A3-9474-1A3956D46DE8}") = "Bulding Blocks", "Bulding Blocks", "{ACA53A8E-CA1A-45C6-8710-544E6810CDD1}"
EndProject
Project("{2150E333-8FDC-42A3-9474-1A3956D46DE8}") = "Services", "Services", "{A841E823-140A-4F08-9C9C-15D41EDCD5E4}"
EndProject
Project("{2150E333-8FDC-42A3-9474-1A3956D46DE8}") = "Web", "Web", "{72F116AE-A0C9-4D9B-B689-F880610E2679}"
EndProject
Project("{2150E333-8FDC-42A3-9474-1A3956D46DE8}") = "Identity", "Identity", "{9AB5F2C8-B249-4629-940C-73D430E9E42C}"
EndProject
Project("{FAE04EC0-301F-11D3-BF4B-00C04F79EFBC}") = "NSE.Identity.API", "src\Services\Identity\NSE.Identity.API\NSE.Identity.API.csproj", "{37477C2F-FE46-40C1-A2B6-11EB4E9D7B00}"
EndProject
Project("{2150E333-8FDC-42A3-9474-1A3956D46DE8}") = "MVC", "MVC", "{835F52EC-CE30-4A8D-87FE-81BEA152430D}"
EndProject
Project("{FAE04EC0-301F-11D3-BF4B-00C04F79EFBC}") = "NSE.WebApp.MVC", "src\Web\MVC\NSE.WebApp.MVC\NSE.WebApp.MVC.csproj", "{2E99280A-68B2-4624-A4B7-C518BD2D0AAB}"
EndProject
Project("{2150E333-8FDC-42A3-9474-1A3956D46DE8}") = "Core", "Core", "{FC639327-E519-4864-A9A9-D9AADA720EC4}"
EndProject
Project("{FAE04EC0-301F-11D3-BF4B-00C04F79EFBC}") = "NSE.Core", "src\Bulding Blocks\Core\NSE.Core\NSE.Core.csproj", "{0E96B295-EEDA-4984-AC4E-68C4143A94A7}"
EndProject
Project("{2150E333-8FDC-42A3-9474-1A3956D46DE8}") = "ShoppingCart", "ShoppingCart", "{0548816F-4B13-4551-9BEE-D675DA2ECE37}"
EndProject
Project("{2150E333-8FDC-42A3-9474-1A3956D46DE8}") = "Customer", "Customer", "{26424332-A64A-465F-9BA1-53B6A39F76D8}"
EndProject
Project("{2150E333-8FDC-42A3-9474-1A3956D46DE8}") = "Catalog", "Catalog", "{E84E93D8-85AD-4E19-AC82-C3AA2663CD44}"
EndProject
Project("{2150E333-8FDC-42A3-9474-1A3956D46DE8}") = "Payment", "Payment", "{7CBA708A-02A5-4134-BC2D-3E66A68EB31D}"
EndProject
Project("{2150E333-8FDC-42A3-9474-1A3956D46DE8}") = "Order", "Order", "{9770159A-9439-4AD9-84AD-2B53D6D9C8E4}"
EndProject
Project("{FAE04EC0-301F-11D3-BF4B-00C04F79EFBC}") = "NSE.ShoppingCart.API", "src\Services\ShoppingCart\NSE.ShoppingCart.API\NSE.ShoppingCart.API\NSE.ShoppingCart.API.csproj", "{51A97BA6-8AFC-43EA-90E4-5F5459224808}"
EndProject
Project("{FAE04EC0-301F-11D3-BF4B-00C04F79EFBC}") = "NSE.Customer.API", "src\Services\Customer\NSE.Customer.API\NSE.Customer.API.csproj", "{C7FA061F-790F-43A8-8863-978BAA34EDB6}"
EndProject
Project("{FAE04EC0-301F-11D3-BF4B-00C04F79EFBC}") = "NSE.Catalog.API", "src\Services\Catalog\NSE.Catalog.API\NSE.Catalog.API.csproj", "{23677802-FAE5-4784-8DB2-83F3A73DBD0D}"
EndProject
Project("{FAE04EC0-301F-11D3-BF4B-00C04F79EFBC}") = "NSE.Order.API", "src\Services\Order\NSE.Order.API\NSE.Order.API.csproj", "{3BB5D065-3297-4033-A454-7B847F4BCD8C}"
EndProject
Project("{FAE04EC0-301F-11D3-BF4B-00C04F79EFBC}") = "NSE.Payment.API", "src\Services\Payment\NSE.Payment.API\NSE.Payment.API.csproj", "{EA0125C0-DD9C-4CEB-9A6E-487195898C25}"
EndProject
Global
	GlobalSection(SolutionConfigurationPlatforms) = preSolution
		Debug|Any CPU = Debug|Any CPU
		Release|Any CPU = Release|Any CPU
	EndGlobalSection
	GlobalSection(ProjectConfigurationPlatforms) = postSolution
		{37477C2F-FE46-40C1-A2B6-11EB4E9D7B00}.Debug|Any CPU.ActiveCfg = Debug|Any CPU
		{37477C2F-FE46-40C1-A2B6-11EB4E9D7B00}.Debug|Any CPU.Build.0 = Debug|Any CPU
		{37477C2F-FE46-40C1-A2B6-11EB4E9D7B00}.Release|Any CPU.ActiveCfg = Release|Any CPU
		{37477C2F-FE46-40C1-A2B6-11EB4E9D7B00}.Release|Any CPU.Build.0 = Release|Any CPU
		{2E99280A-68B2-4624-A4B7-C518BD2D0AAB}.Debug|Any CPU.ActiveCfg = Debug|Any CPU
		{2E99280A-68B2-4624-A4B7-C518BD2D0AAB}.Debug|Any CPU.Build.0 = Debug|Any CPU
		{2E99280A-68B2-4624-A4B7-C518BD2D0AAB}.Release|Any CPU.ActiveCfg = Release|Any CPU
		{2E99280A-68B2-4624-A4B7-C518BD2D0AAB}.Release|Any CPU.Build.0 = Release|Any CPU
		{0E96B295-EEDA-4984-AC4E-68C4143A94A7}.Debug|Any CPU.ActiveCfg = Debug|Any CPU
		{0E96B295-EEDA-4984-AC4E-68C4143A94A7}.Debug|Any CPU.Build.0 = Debug|Any CPU
		{0E96B295-EEDA-4984-AC4E-68C4143A94A7}.Release|Any CPU.ActiveCfg = Release|Any CPU
		{0E96B295-EEDA-4984-AC4E-68C4143A94A7}.Release|Any CPU.Build.0 = Release|Any CPU
		{51A97BA6-8AFC-43EA-90E4-5F5459224808}.Debug|Any CPU.ActiveCfg = Debug|Any CPU
		{51A97BA6-8AFC-43EA-90E4-5F5459224808}.Debug|Any CPU.Build.0 = Debug|Any CPU
		{51A97BA6-8AFC-43EA-90E4-5F5459224808}.Release|Any CPU.ActiveCfg = Release|Any CPU
		{51A97BA6-8AFC-43EA-90E4-5F5459224808}.Release|Any CPU.Build.0 = Release|Any CPU
		{C7FA061F-790F-43A8-8863-978BAA34EDB6}.Debug|Any CPU.ActiveCfg = Debug|Any CPU
		{C7FA061F-790F-43A8-8863-978BAA34EDB6}.Debug|Any CPU.Build.0 = Debug|Any CPU
		{C7FA061F-790F-43A8-8863-978BAA34EDB6}.Release|Any CPU.ActiveCfg = Release|Any CPU
		{C7FA061F-790F-43A8-8863-978BAA34EDB6}.Release|Any CPU.Build.0 = Release|Any CPU
		{23677802-FAE5-4784-8DB2-83F3A73DBD0D}.Debug|Any CPU.ActiveCfg = Debug|Any CPU
		{23677802-FAE5-4784-8DB2-83F3A73DBD0D}.Debug|Any CPU.Build.0 = Debug|Any CPU
		{23677802-FAE5-4784-8DB2-83F3A73DBD0D}.Release|Any CPU.ActiveCfg = Release|Any CPU
		{23677802-FAE5-4784-8DB2-83F3A73DBD0D}.Release|Any CPU.Build.0 = Release|Any CPU
		{3BB5D065-3297-4033-A454-7B847F4BCD8C}.Debug|Any CPU.ActiveCfg = Debug|Any CPU
		{3BB5D065-3297-4033-A454-7B847F4BCD8C}.Debug|Any CPU.Build.0 = Debug|Any CPU
		{3BB5D065-3297-4033-A454-7B847F4BCD8C}.Release|Any CPU.ActiveCfg = Release|Any CPU
		{3BB5D065-3297-4033-A454-7B847F4BCD8C}.Release|Any CPU.Build.0 = Release|Any CPU
		{EA0125C0-DD9C-4CEB-9A6E-487195898C25}.Debug|Any CPU.ActiveCfg = Debug|Any CPU
		{EA0125C0-DD9C-4CEB-9A6E-487195898C25}.Debug|Any CPU.Build.0 = Debug|Any CPU
		{EA0125C0-DD9C-4CEB-9A6E-487195898C25}.Release|Any CPU.ActiveCfg = Release|Any CPU
		{EA0125C0-DD9C-4CEB-9A6E-487195898C25}.Release|Any CPU.Build.0 = Release|Any CPU
	EndGlobalSection
	GlobalSection(SolutionProperties) = preSolution
		HideSolutionNode = FALSE
	EndGlobalSection
	GlobalSection(NestedProjects) = preSolution
		{ACA53A8E-CA1A-45C6-8710-544E6810CDD1} = {02EA681E-C7D8-13C7-8484-4AC65E1B71E8}
		{A841E823-140A-4F08-9C9C-15D41EDCD5E4} = {02EA681E-C7D8-13C7-8484-4AC65E1B71E8}
		{72F116AE-A0C9-4D9B-B689-F880610E2679} = {02EA681E-C7D8-13C7-8484-4AC65E1B71E8}
		{9AB5F2C8-B249-4629-940C-73D430E9E42C} = {A841E823-140A-4F08-9C9C-15D41EDCD5E4}
		{37477C2F-FE46-40C1-A2B6-11EB4E9D7B00} = {9AB5F2C8-B249-4629-940C-73D430E9E42C}
		{835F52EC-CE30-4A8D-87FE-81BEA152430D} = {72F116AE-A0C9-4D9B-B689-F880610E2679}
		{2E99280A-68B2-4624-A4B7-C518BD2D0AAB} = {835F52EC-CE30-4A8D-87FE-81BEA152430D}
		{FC639327-E519-4864-A9A9-D9AADA720EC4} = {ACA53A8E-CA1A-45C6-8710-544E6810CDD1}
		{0E96B295-EEDA-4984-AC4E-68C4143A94A7} = {FC639327-E519-4864-A9A9-D9AADA720EC4}
		{0548816F-4B13-4551-9BEE-D675DA2ECE37} = {A841E823-140A-4F08-9C9C-15D41EDCD5E4}
		{26424332-A64A-465F-9BA1-53B6A39F76D8} = {A841E823-140A-4F08-9C9C-15D41EDCD5E4}
		{E84E93D8-85AD-4E19-AC82-C3AA2663CD44} = {A841E823-140A-4F08-9C9C-15D41EDCD5E4}
		{7CBA708A-02A5-4134-BC2D-3E66A68EB31D} = {A841E823-140A-4F08-9C9C-15D41EDCD5E4}
		{9770159A-9439-4AD9-84AD-2B53D6D9C8E4} = {A841E823-140A-4F08-9C9C-15D41EDCD5E4}
		{51A97BA6-8AFC-43EA-90E4-5F5459224808} = {0548816F-4B13-4551-9BEE-D675DA2ECE37}
		{C7FA061F-790F-43A8-8863-978BAA34EDB6} = {26424332-A64A-465F-9BA1-53B6A39F76D8}
		{23677802-FAE5-4784-8DB2-83F3A73DBD0D} = {E84E93D8-85AD-4E19-AC82-C3AA2663CD44}
		{3BB5D065-3297-4033-A454-7B847F4BCD8C} = {9770159A-9439-4AD9-84AD-2B53D6D9C8E4}
		{EA0125C0-DD9C-4CEB-9A6E-487195898C25} = {7CBA708A-02A5-4134-BC2D-3E66A68EB31D}
	EndGlobalSection
	GlobalSection(ExtensibilityGlobals) = postSolution
		SolutionGuid = {2B372602-E883-426B-876F-F70202588B8D}
	EndGlobalSection
EndGlobal
